
Microsoft Visual Studio Solution File, Format Version 12.00
# Visual Studio Version 16
VisualStudioVersion = 16.0.30011.22
MinimumVisualStudioVersion = 10.0.40219.1
Project("{9A19103F-16F7-4668-BE54-9A1E7A4F7556}") = "HeroJourney", "HeroJourney\HeroJourney.csproj", "{854DE5FA-3C34-494C-A763-56A36229E715}"
EndProject
Global
	GlobalSection(SolutionConfigurationPlatforms) = preSolution
		Debug|Any CPU = Debug|Any CPU
		Release|Any CPU = Release|Any CPU
	EndGlobalSection
	GlobalSection(ProjectConfigurationPlatforms) = postSolution
		{854DE5FA-3C34-494C-A763-56A36229E715}.Debug|Any CPU.ActiveCfg = Debug|Any CPU
		{854DE5FA-3C34-494C-A763-56A36229E715}.Debug|Any CPU.Build.0 = Debug|Any CPU
		{854DE5FA-3C34-494C-A763-56A36229E715}.Release|Any CPU.ActiveCfg = Release|Any CPU
		{854DE5FA-3C34-494C-A763-56A36229E715}.Release|Any CPU.Build.0 = Release|Any CPU
	EndGlobalSection
	GlobalSection(SolutionProperties) = preSolution
		HideSolutionNode = FALSE
	EndGlobalSection
	GlobalSection(ExtensibilityGlobals) = postSolution
		SolutionGuid = {74E6FC29-6728-412B-B7E2-19EBB16409F9}
	EndGlobalSection
EndGlobal
